
Microsoft Visual Studio Solution File, Format Version 12.00
# Visual Studio Version 16
VisualStudioVersion = 16.0.31911.196
MinimumVisualStudioVersion = 10.0.40219.1
Project("{FAE04EC0-301F-11D3-BF4B-00C04F79EFBC}") = "Forsa Horison 8", "Forsa Horison 8\Forsa Horison 8.csproj", "{63156816-5A2C-4A68-982F-362F95F9A59E}"
EndProject
Global
	GlobalSection(SolutionConfigurationPlatforms) = preSolution
		Debug|Any CPU = Debug|Any CPU
		Release|Any CPU = Release|Any CPU
	EndGlobalSection
	GlobalSection(ProjectConfigurationPlatforms) = postSolution
		{63156816-5A2C-4A68-982F-362F95F9A59E}.Debug|Any CPU.ActiveCfg = Debug|Any CPU
		{63156816-5A2C-4A68-982F-362F95F9A59E}.Debug|Any CPU.Build.0 = Debug|Any CPU
		{63156816-5A2C-4A68-982F-362F95F9A59E}.Release|Any CPU.ActiveCfg = Release|Any CPU
		{63156816-5A2C-4A68-982F-362F95F9A59E}.Release|Any CPU.Build.0 = Release|Any CPU
	EndGlobalSection
	GlobalSection(SolutionProperties) = preSolution
		HideSolutionNode = FALSE
	EndGlobalSection
	GlobalSection(ExtensibilityGlobals) = postSolution
		SolutionGuid = {FE3D92BB-AEF5-4554-A393-6117212409C0}
	EndGlobalSection
EndGlobal
